
Microsoft Visual Studio Solution File, Format Version 12.00
# Visual Studio 15
VisualStudioVersion = 15.0.26124.0
MinimumVisualStudioVersion = 15.0.26124.0
Project("{9A19103F-16F7-4668-BE54-9A1E7A4F7556}") = "InsertionSort", "InsertionSort\InsertionSort.csproj", "{421A881D-6409-4FEE-9CB8-40A52CE02FDE}"
EndProject
Project("{D954291E-2A0B-460D-934E-DC6B0785DB48}") = "Utility", "Utility\Utility.shproj", "{140C79CB-E455-4468-92C3-DBB06132653A}"
EndProject
Project("{9A19103F-16F7-4668-BE54-9A1E7A4F7556}") = "BubbleSort", "BubbleSort\BubbleSort.csproj", "{A1AE4A49-FAC1-4484-AC32-3C654A5AB8E7}"
EndProject
Project("{9A19103F-16F7-4668-BE54-9A1E7A4F7556}") = "SelectionSort", "SelectionSort\SelectionSort.csproj", "{68FB8DF9-DB1B-4126-B3A0-F5107179CEBA}"
EndProject
Project("{FAE04EC0-301F-11D3-BF4B-00C04F79EFBC}") = "HeapSort", "HeapSort\HeapSort.csproj", "{A0D47A57-826C-481C-897F-724241DB3AB5}"
EndProject
Global
	GlobalSection(SharedMSBuildProjectFiles) = preSolution
		Utility\Utility.projitems*{140c79cb-e455-4468-92c3-dbb06132653a}*SharedItemsImports = 13
	EndGlobalSection
	GlobalSection(SolutionConfigurationPlatforms) = preSolution
		Debug|Any CPU = Debug|Any CPU
		Debug|x64 = Debug|x64
		Debug|x86 = Debug|x86
		Release|Any CPU = Release|Any CPU
		Release|x64 = Release|x64
		Release|x86 = Release|x86
	EndGlobalSection
	GlobalSection(ProjectConfigurationPlatforms) = postSolution
		{421A881D-6409-4FEE-9CB8-40A52CE02FDE}.Debug|Any CPU.ActiveCfg = Debug|Any CPU
		{421A881D-6409-4FEE-9CB8-40A52CE02FDE}.Debug|Any CPU.Build.0 = Debug|Any CPU
		{421A881D-6409-4FEE-9CB8-40A52CE02FDE}.Debug|x64.ActiveCfg = Debug|Any CPU
		{421A881D-6409-4FEE-9CB8-40A52CE02FDE}.Debug|x64.Build.0 = Debug|Any CPU
		{421A881D-6409-4FEE-9CB8-40A52CE02FDE}.Debug|x86.ActiveCfg = Debug|Any CPU
		{421A881D-6409-4FEE-9CB8-40A52CE02FDE}.Debug|x86.Build.0 = Debug|Any CPU
		{421A881D-6409-4FEE-9CB8-40A52CE02FDE}.Release|Any CPU.ActiveCfg = Release|Any CPU
		{421A881D-6409-4FEE-9CB8-40A52CE02FDE}.Release|Any CPU.Build.0 = Release|Any CPU
		{421A881D-6409-4FEE-9CB8-40A52CE02FDE}.Release|x64.ActiveCfg = Release|Any CPU
		{421A881D-6409-4FEE-9CB8-40A52CE02FDE}.Release|x64.Build.0 = Release|Any CPU
		{421A881D-6409-4FEE-9CB8-40A52CE02FDE}.Release|x86.ActiveCfg = Release|Any CPU
		{421A881D-6409-4FEE-9CB8-40A52CE02FDE}.Release|x86.Build.0 = Release|Any CPU
		{A1AE4A49-FAC1-4484-AC32-3C654A5AB8E7}.Debug|Any CPU.ActiveCfg = Debug|Any CPU
		{A1AE4A49-FAC1-4484-AC32-3C654A5AB8E7}.Debug|Any CPU.Build.0 = Debug|Any CPU
		{A1AE4A49-FAC1-4484-AC32-3C654A5AB8E7}.Debug|x64.ActiveCfg = Debug|Any CPU
		{A1AE4A49-FAC1-4484-AC32-3C654A5AB8E7}.Debug|x64.Build.0 = Debug|Any CPU
		{A1AE4A49-FAC1-4484-AC32-3C654A5AB8E7}.Debug|x86.ActiveCfg = Debug|Any CPU
		{A1AE4A49-FAC1-4484-AC32-3C654A5AB8E7}.Debug|x86.Build.0 = Debug|Any CPU
		{A1AE4A49-FAC1-4484-AC32-3C654A5AB8E7}.Release|Any CPU.ActiveCfg = Release|Any CPU
		{A1AE4A49-FAC1-4484-AC32-3C654A5AB8E7}.Release|Any CPU.Build.0 = Release|Any CPU
		{A1AE4A49-FAC1-4484-AC32-3C654A5AB8E7}.Release|x64.ActiveCfg = Release|Any CPU
		{A1AE4A49-FAC1-4484-AC32-3C654A5AB8E7}.Release|x64.Build.0 = Release|Any CPU
		{A1AE4A49-FAC1-4484-AC32-3C654A5AB8E7}.Release|x86.ActiveCfg = Release|Any CPU
		{A1AE4A49-FAC1-4484-AC32-3C654A5AB8E7}.Release|x86.Build.0 = Release|Any CPU
		{68FB8DF9-DB1B-4126-B3A0-F5107179CEBA}.Debug|Any CPU.ActiveCfg = Debug|Any CPU
		{68FB8DF9-DB1B-4126-B3A0-F5107179CEBA}.Debug|Any CPU.Build.0 = Debug|Any CPU
		{68FB8DF9-DB1B-4126-B3A0-F5107179CEBA}.Debug|x64.ActiveCfg = Debug|Any CPU
		{68FB8DF9-DB1B-4126-B3A0-F5107179CEBA}.Debug|x64.Build.0 = Debug|Any CPU
		{68FB8DF9-DB1B-4126-B3A0-F5107179CEBA}.Debug|x86.ActiveCfg = Debug|Any CPU
		{68FB8DF9-DB1B-4126-B3A0-F5107179CEBA}.Debug|x86.Build.0 = Debug|Any CPU
		{68FB8DF9-DB1B-4126-B3A0-F5107179CEBA}.Release|Any CPU.ActiveCfg = Release|Any CPU
		{68FB8DF9-DB1B-4126-B3A0-F5107179CEBA}.Release|Any CPU.Build.0 = Release|Any CPU
		{68FB8DF9-DB1B-4126-B3A0-F5107179CEBA}.Release|x64.ActiveCfg = Release|Any CPU
		{68FB8DF9-DB1B-4126-B3A0-F5107179CEBA}.Release|x64.Build.0 = Release|Any CPU
		{68FB8DF9-DB1B-4126-B3A0-F5107179CEBA}.Release|x86.ActiveCfg = Release|Any CPU
		{68FB8DF9-DB1B-4126-B3A0-F5107179CEBA}.Release|x86.Build.0 = Release|Any CPU
		{A0D47A57-826C-481C-897F-724241DB3AB5}.Debug|Any CPU.ActiveCfg = Debug|Any CPU
		{A0D47A57-826C-481C-897F-724241DB3AB5}.Debug|Any CPU.Build.0 = Debug|Any CPU
		{A0D47A57-826C-481C-897F-724241DB3AB5}.Debug|x64.ActiveCfg = Debug|Any CPU
		{A0D47A57-826C-481C-897F-724241DB3AB5}.Debug|x64.Build.0 = Debug|Any CPU
		{A0D47A57-826C-481C-897F-724241DB3AB5}.Debug|x86.ActiveCfg = Debug|Any CPU
		{A0D47A57-826C-481C-897F-724241DB3AB5}.Debug|x86.Build.0 = Debug|Any CPU
		{A0D47A57-826C-481C-897F-724241DB3AB5}.Release|Any CPU.ActiveCfg = Release|Any CPU
		{A0D47A57-826C-481C-897F-724241DB3AB5}.Release|Any CPU.Build.0 = Release|Any CPU
		{A0D47A57-826C-481C-897F-724241DB3AB5}.Release|x64.ActiveCfg = Release|Any CPU
		{A0D47A57-826C-481C-897F-724241DB3AB5}.Release|x64.Build.0 = Release|Any CPU
		{A0D47A57-826C-481C-897F-724241DB3AB5}.Release|x86.ActiveCfg = Release|Any CPU
		{A0D47A57-826C-481C-897F-724241DB3AB5}.Release|x86.Build.0 = Release|Any CPU
	EndGlobalSection
	GlobalSection(SolutionProperties) = preSolution
		HideSolutionNode = FALSE
	EndGlobalSection
	GlobalSection(ExtensibilityGlobals) = postSolution
		SolutionGuid = {5BBA1F76-B50A-4BFA-8BF8-F40C3DB0CE96}
	EndGlobalSection
EndGlobal
