
Microsoft Visual Studio Solution File, Format Version 12.00
# Visual Studio 15
VisualStudioVersion = 15.0.26124.0
MinimumVisualStudioVersion = 15.0.26124.0
Project("{FAE04EC0-301F-11D3-BF4B-00C04F79EFBC}") = "LinkedList", "LinkedList\LinkedList.csproj", "{90C962E5-6E93-4F88-A101-BA8A52E0FE7C}"
EndProject
Project("{FAE04EC0-301F-11D3-BF4B-00C04F79EFBC}") = "SinglyLinkedList", "SinglyLinkedList\SinglyLinkedList.csproj", "{6EDE7C4E-6766-4AF5-97C9-0806E9B21511}"
EndProject
Global
	GlobalSection(SolutionConfigurationPlatforms) = preSolution
		Debug|Any CPU = Debug|Any CPU
		Debug|x64 = Debug|x64
		Debug|x86 = Debug|x86
		Release|Any CPU = Release|Any CPU
		Release|x64 = Release|x64
		Release|x86 = Release|x86
	EndGlobalSection
	GlobalSection(SolutionProperties) = preSolution
		HideSolutionNode = FALSE
	EndGlobalSection
	GlobalSection(ProjectConfigurationPlatforms) = postSolution
		{90C962E5-6E93-4F88-A101-BA8A52E0FE7C}.Debug|Any CPU.ActiveCfg = Debug|Any CPU
		{90C962E5-6E93-4F88-A101-BA8A52E0FE7C}.Debug|Any CPU.Build.0 = Debug|Any CPU
		{90C962E5-6E93-4F88-A101-BA8A52E0FE7C}.Debug|x64.ActiveCfg = Debug|Any CPU
		{90C962E5-6E93-4F88-A101-BA8A52E0FE7C}.Debug|x64.Build.0 = Debug|Any CPU
		{90C962E5-6E93-4F88-A101-BA8A52E0FE7C}.Debug|x86.ActiveCfg = Debug|Any CPU
		{90C962E5-6E93-4F88-A101-BA8A52E0FE7C}.Debug|x86.Build.0 = Debug|Any CPU
		{90C962E5-6E93-4F88-A101-BA8A52E0FE7C}.Release|Any CPU.ActiveCfg = Release|Any CPU
		{90C962E5-6E93-4F88-A101-BA8A52E0FE7C}.Release|Any CPU.Build.0 = Release|Any CPU
		{90C962E5-6E93-4F88-A101-BA8A52E0FE7C}.Release|x64.ActiveCfg = Release|Any CPU
		{90C962E5-6E93-4F88-A101-BA8A52E0FE7C}.Release|x64.Build.0 = Release|Any CPU
		{90C962E5-6E93-4F88-A101-BA8A52E0FE7C}.Release|x86.ActiveCfg = Release|Any CPU
		{90C962E5-6E93-4F88-A101-BA8A52E0FE7C}.Release|x86.Build.0 = Release|Any CPU
		{6EDE7C4E-6766-4AF5-97C9-0806E9B21511}.Debug|Any CPU.ActiveCfg = Debug|Any CPU
		{6EDE7C4E-6766-4AF5-97C9-0806E9B21511}.Debug|Any CPU.Build.0 = Debug|Any CPU
		{6EDE7C4E-6766-4AF5-97C9-0806E9B21511}.Debug|x64.ActiveCfg = Debug|Any CPU
		{6EDE7C4E-6766-4AF5-97C9-0806E9B21511}.Debug|x64.Build.0 = Debug|Any CPU
		{6EDE7C4E-6766-4AF5-97C9-0806E9B21511}.Debug|x86.ActiveCfg = Debug|Any CPU
		{6EDE7C4E-6766-4AF5-97C9-0806E9B21511}.Debug|x86.Build.0 = Debug|Any CPU
		{6EDE7C4E-6766-4AF5-97C9-0806E9B21511}.Release|Any CPU.ActiveCfg = Release|Any CPU
		{6EDE7C4E-6766-4AF5-97C9-0806E9B21511}.Release|Any CPU.Build.0 = Release|Any CPU
		{6EDE7C4E-6766-4AF5-97C9-0806E9B21511}.Release|x64.ActiveCfg = Release|Any CPU
		{6EDE7C4E-6766-4AF5-97C9-0806E9B21511}.Release|x64.Build.0 = Release|Any CPU
		{6EDE7C4E-6766-4AF5-97C9-0806E9B21511}.Release|x86.ActiveCfg = Release|Any CPU
		{6EDE7C4E-6766-4AF5-97C9-0806E9B21511}.Release|x86.Build.0 = Release|Any CPU
	EndGlobalSection
EndGlobal
